
Microsoft Visual Studio Solution File, Format Version 12.00
# Visual Studio Version 16
VisualStudioVersion = 16.0.30225.117
MinimumVisualStudioVersion = 10.0.40219.1
Project("{9A19103F-16F7-4668-BE54-9A1E7A4F7556}") = "UspsApi.Web", "UspsApi.Web\UspsApi.Web.csproj", "{7E0AD351-9E90-4F6B-812C-B7F9ED559747}"
EndProject
Project("{9A19103F-16F7-4668-BE54-9A1E7A4F7556}") = "UspsApi.Internal", "UspsApi.Internal\UspsApi.Internal.csproj", "{AABA6719-34AF-4510-8143-E0D394C8DDED}"
EndProject
Project("{9A19103F-16F7-4668-BE54-9A1E7A4F7556}") = "UspsApi.Base", "UspsApi.Base\UspsApi.Base.csproj", "{593C3206-FAEC-474B-AD76-395AEE8630CD}"
EndProject
Project("{9A19103F-16F7-4668-BE54-9A1E7A4F7556}") = "UspsApi.Models", "UspsApi.Models\UspsApi.Models.csproj", "{3E78649F-9AD7-4BA3-BB20-A721374EA32C}"
EndProject
Project("{F184B08F-C81C-45F6-A57F-5ABD9991F28F}") = "UspsApi.Test", "UspsApi.Test\UspsApi.Test.vbproj", "{CA64D946-2856-4178-ABF1-B200DE745727}"
EndProject
Global
	GlobalSection(SolutionConfigurationPlatforms) = preSolution
		Debug|Any CPU = Debug|Any CPU
		Release|Any CPU = Release|Any CPU
	EndGlobalSection
	GlobalSection(ProjectConfigurationPlatforms) = postSolution
		{7E0AD351-9E90-4F6B-812C-B7F9ED559747}.Debug|Any CPU.ActiveCfg = Debug|Any CPU
		{7E0AD351-9E90-4F6B-812C-B7F9ED559747}.Debug|Any CPU.Build.0 = Debug|Any CPU
		{7E0AD351-9E90-4F6B-812C-B7F9ED559747}.Release|Any CPU.ActiveCfg = Release|Any CPU
		{7E0AD351-9E90-4F6B-812C-B7F9ED559747}.Release|Any CPU.Build.0 = Release|Any CPU
		{AABA6719-34AF-4510-8143-E0D394C8DDED}.Debug|Any CPU.ActiveCfg = Debug|Any CPU
		{AABA6719-34AF-4510-8143-E0D394C8DDED}.Debug|Any CPU.Build.0 = Debug|Any CPU
		{AABA6719-34AF-4510-8143-E0D394C8DDED}.Release|Any CPU.ActiveCfg = Release|Any CPU
		{AABA6719-34AF-4510-8143-E0D394C8DDED}.Release|Any CPU.Build.0 = Release|Any CPU
		{593C3206-FAEC-474B-AD76-395AEE8630CD}.Debug|Any CPU.ActiveCfg = Debug|Any CPU
		{593C3206-FAEC-474B-AD76-395AEE8630CD}.Debug|Any CPU.Build.0 = Debug|Any CPU
		{593C3206-FAEC-474B-AD76-395AEE8630CD}.Release|Any CPU.ActiveCfg = Release|Any CPU
		{593C3206-FAEC-474B-AD76-395AEE8630CD}.Release|Any CPU.Build.0 = Release|Any CPU
		{3E78649F-9AD7-4BA3-BB20-A721374EA32C}.Debug|Any CPU.ActiveCfg = Debug|Any CPU
		{3E78649F-9AD7-4BA3-BB20-A721374EA32C}.Debug|Any CPU.Build.0 = Debug|Any CPU
		{3E78649F-9AD7-4BA3-BB20-A721374EA32C}.Release|Any CPU.ActiveCfg = Release|Any CPU
		{3E78649F-9AD7-4BA3-BB20-A721374EA32C}.Release|Any CPU.Build.0 = Release|Any CPU
		{CA64D946-2856-4178-ABF1-B200DE745727}.Debug|Any CPU.ActiveCfg = Debug|Any CPU
		{CA64D946-2856-4178-ABF1-B200DE745727}.Debug|Any CPU.Build.0 = Debug|Any CPU
		{CA64D946-2856-4178-ABF1-B200DE745727}.Release|Any CPU.ActiveCfg = Release|Any CPU
		{CA64D946-2856-4178-ABF1-B200DE745727}.Release|Any CPU.Build.0 = Release|Any CPU
	EndGlobalSection
	GlobalSection(SolutionProperties) = preSolution
		HideSolutionNode = FALSE
	EndGlobalSection
	GlobalSection(ExtensibilityGlobals) = postSolution
		SolutionGuid = {F4784A9F-92BD-4BA8-854E-240C5278FC41}
	EndGlobalSection
EndGlobal
