
Microsoft Visual Studio Solution File, Format Version 12.00
# Visual Studio Version 16
VisualStudioVersion = 16.0.30225.117
MinimumVisualStudioVersion = 10.0.40219.1
Project("{9A19103F-16F7-4668-BE54-9A1E7A4F7556}") = "UspsApi", "UspsApi\UspsApi.csproj", "{593C3206-FAEC-474B-AD76-395AEE8630CD}"
EndProject
Project("{9A19103F-16F7-4668-BE54-9A1E7A4F7556}") = "UspsApi.Models", "UspsApi.Models\UspsApi.Models.csproj", "{3E78649F-9AD7-4BA3-BB20-A721374EA32C}"
EndProject
Project("{9A19103F-16F7-4668-BE54-9A1E7A4F7556}") = "UspsApi.FunctionalTest", "UspsApi.UnitTest\UspsApi.FunctionalTest.csproj", "{7534AD6F-2762-4360-8627-15495D23CB6D}"
EndProject
Global
	GlobalSection(SolutionConfigurationPlatforms) = preSolution
		Debug|Any CPU = Debug|Any CPU
		Release|Any CPU = Release|Any CPU
	EndGlobalSection
	GlobalSection(ProjectConfigurationPlatforms) = postSolution
		{593C3206-FAEC-474B-AD76-395AEE8630CD}.Debug|Any CPU.ActiveCfg = Debug|Any CPU
		{593C3206-FAEC-474B-AD76-395AEE8630CD}.Debug|Any CPU.Build.0 = Debug|Any CPU
		{593C3206-FAEC-474B-AD76-395AEE8630CD}.Release|Any CPU.ActiveCfg = Release|Any CPU
		{593C3206-FAEC-474B-AD76-395AEE8630CD}.Release|Any CPU.Build.0 = Release|Any CPU
		{3E78649F-9AD7-4BA3-BB20-A721374EA32C}.Debug|Any CPU.ActiveCfg = Debug|Any CPU
		{3E78649F-9AD7-4BA3-BB20-A721374EA32C}.Debug|Any CPU.Build.0 = Debug|Any CPU
		{3E78649F-9AD7-4BA3-BB20-A721374EA32C}.Release|Any CPU.ActiveCfg = Release|Any CPU
		{3E78649F-9AD7-4BA3-BB20-A721374EA32C}.Release|Any CPU.Build.0 = Release|Any CPU
		{7534AD6F-2762-4360-8627-15495D23CB6D}.Debug|Any CPU.ActiveCfg = Debug|Any CPU
		{7534AD6F-2762-4360-8627-15495D23CB6D}.Debug|Any CPU.Build.0 = Debug|Any CPU
		{7534AD6F-2762-4360-8627-15495D23CB6D}.Release|Any CPU.ActiveCfg = Release|Any CPU
		{7534AD6F-2762-4360-8627-15495D23CB6D}.Release|Any CPU.Build.0 = Release|Any CPU
	EndGlobalSection
	GlobalSection(SolutionProperties) = preSolution
		HideSolutionNode = FALSE
	EndGlobalSection
	GlobalSection(ExtensibilityGlobals) = postSolution
		SolutionGuid = {F4784A9F-92BD-4BA8-854E-240C5278FC41}
	EndGlobalSection
EndGlobal
